
Microsoft Visual Studio Solution File, Format Version 12.00
# Visual Studio 15
VisualStudioVersion = 15.0.28307.168
MinimumVisualStudioVersion = 10.0.40219.1
Project("{FAE04EC0-301F-11D3-BF4B-00C04F79EFBC}") = "ExamEmulator", "ExamEmulator\ExamEmulator.csproj", "{1CFE65E5-2AF1-4526-A13D-572813A7A5AB}"
EndProject
Global
	GlobalSection(SolutionConfigurationPlatforms) = preSolution
		Debug|Any CPU = Debug|Any CPU
		Release|Any CPU = Release|Any CPU
	EndGlobalSection
	GlobalSection(ProjectConfigurationPlatforms) = postSolution
		{1CFE65E5-2AF1-4526-A13D-572813A7A5AB}.Debug|Any CPU.ActiveCfg = Debug|Any CPU
		{1CFE65E5-2AF1-4526-A13D-572813A7A5AB}.Debug|Any CPU.Build.0 = Debug|Any CPU
		{1CFE65E5-2AF1-4526-A13D-572813A7A5AB}.Release|Any CPU.ActiveCfg = Release|Any CPU
		{1CFE65E5-2AF1-4526-A13D-572813A7A5AB}.Release|Any CPU.Build.0 = Release|Any CPU
	EndGlobalSection
	GlobalSection(SolutionProperties) = preSolution
		HideSolutionNode = FALSE
	EndGlobalSection
	GlobalSection(ExtensibilityGlobals) = postSolution
		SolutionGuid = {75FAF921-9DCA-479C-8855-5997B63A7CD7}
	EndGlobalSection
EndGlobal
